<?xml version="1.0" encoding="utf-8"?>
<Project ToolsVersion="4.0" xmlns="http://schemas.microsoft.com/developer/msbuild/2003">
  <ItemGroup>
    <Filter Include="Исходные файлы">
      <UniqueIdentifier>{4FC737F1-C7A5-4376-A066-2A32D752A2FF}</UniqueIdentifier>
      <Extensions>cpp;c;cc;cxx;c++;cppm;ixx;def;odl;idl;hpj;bat;asm;asmx</Extensions>
    </Filter>
    <Filter Include="Файлы заголовков">
      <UniqueIdentifier>{93995380-89BD-4b04-88EB-625FBE52EBFB}</UniqueIdentifier>
      <Extensions>h;hh;hpp;hxx;h++;hm;inl;inc;ipp;xsd</Extensions>
    </Filter>
    <Filter Include="Файлы ресурсов">
      <UniqueIdentifier>{67DA6AB6-F800-4c08-8B7A-83BB121AAD01}</UniqueIdentifier>
      <Extensions>rc;ico;cur;bmp;dlg;rc2;rct;bin;rgs;gif;jpg;jpeg;jpe;resx;tiff;tif;png;wav;mfcribbon-ms</Extensions>
    </Filter>
    <Filter Include="Файлы ресурсов\Shaders">
      <UniqueIdentifier>{6fa82019-d644-4391-b3f9-20c30ea9bf65}</UniqueIdentifier>
    </Filter>
    <Filter Include="Render">
      <UniqueIdentifier>{4924c95e-96e8-40f9-93dc-d56c7ab1a832}</UniqueIdentifier>
    </Filter>
    <Filter Include="Render\Headers">
      <UniqueIdentifier>{ffe87f2d-72bb-4e90-af30-d456d0404cae}</UniqueIdentifier>
    </Filter>
    <Filter Include="Render\ViewObjects">
      <UniqueIdentifier>{8d08bf6c-5caf-4757-91a0-e6b489cf1dac}</UniqueIdentifier>
    </Filter>
  </ItemGroup>
  <ItemGroup>
    <ClInclude Include="Main.h">
      <Filter>Файлы заголовков</Filter>
    </ClInclude>
    <ClInclude Include="Shaders.h">
      <Filter>Файлы заголовков</Filter>
    </ClInclude>
    <ClInclude Include="Mesh.h">
      <Filter>Файлы заголовков</Filter>
    </ClInclude>
    <ClInclude Include="Model.h">
      <Filter>Файлы заголовков</Filter>
    </ClInclude>
    <ClInclude Include="camera.h">
      <Filter>Файлы заголовков</Filter>
    </ClInclude>
    <ClInclude Include="GoodMesh.h">
      <Filter>Файлы заголовков</Filter>
    </ClInclude>
    <ClInclude Include="pch.h">
      <Filter>Render\Headers</Filter>
    </ClInclude>
    <ClInclude Include="ViewGrid.h">
      <Filter>Файлы заголовков</Filter>
    </ClInclude>
  </ItemGroup>
  <ItemGroup>
    <ClCompile Include="Main.cpp">
      <Filter>Render</Filter>
    </ClCompile>
    <ClCompile Include="glad.c">
      <Filter>Файлы ресурсов</Filter>
    </ClCompile>
    <ClCompile Include="ViewGrid.cpp">
      <Filter>Render\ViewObjects</Filter>
    </ClCompile>
  </ItemGroup>
  <ItemGroup>
    <None Include="ShFrag.frag">
      <Filter>Файлы ресурсов\Shaders</Filter>
    </None>
    <None Include="ShVert.vert">
      <Filter>Файлы ресурсов\Shaders</Filter>
    </None>
    <None Include="ShFrag2.frag">
      <Filter>Файлы ресурсов\Shaders</Filter>
    </None>
    <None Include="ShFrag3.frag">
      <Filter>Файлы ресурсов\Shaders</Filter>
    </None>
    <None Include="assimp-vc143-mtd.dll" />
    <None Include="vertices.vert">
      <Filter>Файлы ресурсов\Shaders</Filter>
    </None>
    <None Include="Fragments.frag">
      <Filter>Файлы ресурсов\Shaders</Filter>
    </None>
  </ItemGroup>
</Project>